
Microsoft Visual Studio Solution File, Format Version 12.00
# Visual Studio 2012
Project("{FAE04EC0-301F-11D3-BF4B-00C04F79EFBC}") = "GSharp", "GSharp.csproj", "{9AECB90E-480B-468F-86B3-ABDAF85321C7}"
EndProject
Global
	GlobalSection(SolutionConfigurationPlatforms) = preSolution
		Debug|Any CPU = Debug|Any CPU
		Release|Any CPU = Release|Any CPU
	EndGlobalSection
	GlobalSection(ProjectConfigurationPlatforms) = postSolution
		{9AECB90E-480B-468F-86B3-ABDAF85321C7}.Debug|Any CPU.ActiveCfg = Debug|Any CPU
		{9AECB90E-480B-468F-86B3-ABDAF85321C7}.Debug|Any CPU.Build.0 = Debug|Any CPU
		{9AECB90E-480B-468F-86B3-ABDAF85321C7}.Release|Any CPU.ActiveCfg = Release|Any CPU
		{9AECB90E-480B-468F-86B3-ABDAF85321C7}.Release|Any CPU.Build.0 = Release|Any CPU
	EndGlobalSection
	GlobalSection(SolutionProperties) = preSolution
		HideSolutionNode = FALSE
	EndGlobalSection
EndGlobal
