
Microsoft Visual Studio Solution File, Format Version 12.00
# Visual Studio 2012
Project("{FAE04EC0-301F-11D3-BF4B-00C04F79EFBC}") = "GSharp", "GSharp\GSharp.csproj", "{9AECB90E-480B-468F-86B3-ABDAF85321C7}"
EndProject
Project("{FAE04EC0-301F-11D3-BF4B-00C04F79EFBC}") = "GSharp.Graphics", "GSharp.Graphics\GSharp.Graphics.csproj", "{95C3BB2C-2E42-484C-892E-4DCFB12952A6}"
EndProject
Project("{FAE04EC0-301F-11D3-BF4B-00C04F79EFBC}") = "GSharp.Graphics.SDX", "GSharp.Graphics.SDX\GSharp.Graphics.SDX.csproj", "{76EDFDE2-758A-4BC8-86F4-55DB2B124758}"
EndProject
Project("{FAE04EC0-301F-11D3-BF4B-00C04F79EFBC}") = "GSharp.Physics", "GSharp.Physics\GSharp.Physics.csproj", "{B8D9DA4D-7164-41EB-8084-B2C8B8503416}"
EndProject
Project("{FAE04EC0-301F-11D3-BF4B-00C04F79EFBC}") = "GSharp.Graphics.SDX.Sandbox", "GSharp.Graphics.SDX.Sandbox\GSharp.Graphics.SDX.Sandbox.csproj", "{C2043AD4-41C7-44CC-9453-6314F6EBC797}"
EndProject
Project("{2150E333-8FDC-42A3-9474-1A3956D46DE8}") = ".nuget", ".nuget", "{BD21C8B9-9564-4095-AEE7-14225B8E6669}"
	ProjectSection(SolutionItems) = preProject
		.nuget\NuGet.Config = .nuget\NuGet.Config
		.nuget\NuGet.exe = .nuget\NuGet.exe
		.nuget\NuGet.targets = .nuget\NuGet.targets
	EndProjectSection
EndProject
Project("{FAE04EC0-301F-11D3-BF4B-00C04F79EFBC}") = "GSharp.Test", "..\test\GSharp.Test\GSharp.Test.csproj", "{52C4BD34-C5FF-4496-808C-390922361FC3}"
EndProject
Project("{2150E333-8FDC-42A3-9474-1A3956D46DE8}") = "Tests", "Tests", "{CB23FFE1-20D3-4E71-815C-EF5F2C45D831}"
EndProject
Project("{FAE04EC0-301F-11D3-BF4B-00C04F79EFBC}") = "GSharp.Graphics.Test", "..\test\GSharp.Graphics.Test\GSharp.Graphics.Test.csproj", "{7C913E93-875F-4991-B22C-5A0A9511371C}"
EndProject
Project("{FAE04EC0-301F-11D3-BF4B-00C04F79EFBC}") = "GSharp.Physics.Test", "..\test\GSharp.Physics.Test\GSharp.Physics.Test.csproj", "{9F58B6F3-6F74-4407-A62F-01C43E1A4DAC}"
EndProject
Project("{FAE04EC0-301F-11D3-BF4B-00C04F79EFBC}") = "GSharp.Events", "GSharp.Events\GSharp.Events.csproj", "{54E218CE-FBB0-4503-A61B-0AD5F7F88B1A}"
EndProject
Project("{FAE04EC0-301F-11D3-BF4B-00C04F79EFBC}") = "GSharp.Events.Test", "..\test\GSharp.Events.Test\GSharp.Events.Test.csproj", "{B9D1FF47-77D8-4C3A-86C5-BA1719987D13}"
EndProject
Project("{FAE04EC0-301F-11D3-BF4B-00C04F79EFBC}") = "GSharp.Content", "GSharp.Content\GSharp.Content.csproj", "{CC84853C-9245-474C-9F57-85BDA43DD50E}"
EndProject
Global
	GlobalSection(SolutionConfigurationPlatforms) = preSolution
		Debug|Any CPU = Debug|Any CPU
		Release|Any CPU = Release|Any CPU
	EndGlobalSection
	GlobalSection(ProjectConfigurationPlatforms) = postSolution
		{9AECB90E-480B-468F-86B3-ABDAF85321C7}.Debug|Any CPU.ActiveCfg = Debug|Any CPU
		{9AECB90E-480B-468F-86B3-ABDAF85321C7}.Debug|Any CPU.Build.0 = Debug|Any CPU
		{9AECB90E-480B-468F-86B3-ABDAF85321C7}.Release|Any CPU.ActiveCfg = Release|Any CPU
		{9AECB90E-480B-468F-86B3-ABDAF85321C7}.Release|Any CPU.Build.0 = Release|Any CPU
		{95C3BB2C-2E42-484C-892E-4DCFB12952A6}.Debug|Any CPU.ActiveCfg = Debug|Any CPU
		{95C3BB2C-2E42-484C-892E-4DCFB12952A6}.Debug|Any CPU.Build.0 = Debug|Any CPU
		{95C3BB2C-2E42-484C-892E-4DCFB12952A6}.Release|Any CPU.ActiveCfg = Release|Any CPU
		{95C3BB2C-2E42-484C-892E-4DCFB12952A6}.Release|Any CPU.Build.0 = Release|Any CPU
		{76EDFDE2-758A-4BC8-86F4-55DB2B124758}.Debug|Any CPU.ActiveCfg = Debug|Any CPU
		{76EDFDE2-758A-4BC8-86F4-55DB2B124758}.Debug|Any CPU.Build.0 = Debug|Any CPU
		{76EDFDE2-758A-4BC8-86F4-55DB2B124758}.Release|Any CPU.ActiveCfg = Release|Any CPU
		{76EDFDE2-758A-4BC8-86F4-55DB2B124758}.Release|Any CPU.Build.0 = Release|Any CPU
		{B8D9DA4D-7164-41EB-8084-B2C8B8503416}.Debug|Any CPU.ActiveCfg = Debug|Any CPU
		{B8D9DA4D-7164-41EB-8084-B2C8B8503416}.Debug|Any CPU.Build.0 = Debug|Any CPU
		{B8D9DA4D-7164-41EB-8084-B2C8B8503416}.Release|Any CPU.ActiveCfg = Release|Any CPU
		{B8D9DA4D-7164-41EB-8084-B2C8B8503416}.Release|Any CPU.Build.0 = Release|Any CPU
		{C2043AD4-41C7-44CC-9453-6314F6EBC797}.Debug|Any CPU.ActiveCfg = Debug|Any CPU
		{C2043AD4-41C7-44CC-9453-6314F6EBC797}.Debug|Any CPU.Build.0 = Debug|Any CPU
		{C2043AD4-41C7-44CC-9453-6314F6EBC797}.Release|Any CPU.ActiveCfg = Release|Any CPU
		{C2043AD4-41C7-44CC-9453-6314F6EBC797}.Release|Any CPU.Build.0 = Release|Any CPU
		{52C4BD34-C5FF-4496-808C-390922361FC3}.Debug|Any CPU.ActiveCfg = Debug|Any CPU
		{52C4BD34-C5FF-4496-808C-390922361FC3}.Debug|Any CPU.Build.0 = Debug|Any CPU
		{52C4BD34-C5FF-4496-808C-390922361FC3}.Release|Any CPU.ActiveCfg = Release|Any CPU
		{52C4BD34-C5FF-4496-808C-390922361FC3}.Release|Any CPU.Build.0 = Release|Any CPU
		{7C913E93-875F-4991-B22C-5A0A9511371C}.Debug|Any CPU.ActiveCfg = Debug|Any CPU
		{7C913E93-875F-4991-B22C-5A0A9511371C}.Debug|Any CPU.Build.0 = Debug|Any CPU
		{7C913E93-875F-4991-B22C-5A0A9511371C}.Release|Any CPU.ActiveCfg = Release|Any CPU
		{7C913E93-875F-4991-B22C-5A0A9511371C}.Release|Any CPU.Build.0 = Release|Any CPU
		{9F58B6F3-6F74-4407-A62F-01C43E1A4DAC}.Debug|Any CPU.ActiveCfg = Debug|Any CPU
		{9F58B6F3-6F74-4407-A62F-01C43E1A4DAC}.Debug|Any CPU.Build.0 = Debug|Any CPU
		{9F58B6F3-6F74-4407-A62F-01C43E1A4DAC}.Release|Any CPU.ActiveCfg = Release|Any CPU
		{9F58B6F3-6F74-4407-A62F-01C43E1A4DAC}.Release|Any CPU.Build.0 = Release|Any CPU
		{54E218CE-FBB0-4503-A61B-0AD5F7F88B1A}.Debug|Any CPU.ActiveCfg = Debug|Any CPU
		{54E218CE-FBB0-4503-A61B-0AD5F7F88B1A}.Debug|Any CPU.Build.0 = Debug|Any CPU
		{54E218CE-FBB0-4503-A61B-0AD5F7F88B1A}.Release|Any CPU.ActiveCfg = Release|Any CPU
		{54E218CE-FBB0-4503-A61B-0AD5F7F88B1A}.Release|Any CPU.Build.0 = Release|Any CPU
		{B9D1FF47-77D8-4C3A-86C5-BA1719987D13}.Debug|Any CPU.ActiveCfg = Debug|Any CPU
		{B9D1FF47-77D8-4C3A-86C5-BA1719987D13}.Debug|Any CPU.Build.0 = Debug|Any CPU
		{B9D1FF47-77D8-4C3A-86C5-BA1719987D13}.Release|Any CPU.ActiveCfg = Release|Any CPU
		{B9D1FF47-77D8-4C3A-86C5-BA1719987D13}.Release|Any CPU.Build.0 = Release|Any CPU
		{CC84853C-9245-474C-9F57-85BDA43DD50E}.Debug|Any CPU.ActiveCfg = Debug|Any CPU
		{CC84853C-9245-474C-9F57-85BDA43DD50E}.Debug|Any CPU.Build.0 = Debug|Any CPU
		{CC84853C-9245-474C-9F57-85BDA43DD50E}.Release|Any CPU.ActiveCfg = Release|Any CPU
		{CC84853C-9245-474C-9F57-85BDA43DD50E}.Release|Any CPU.Build.0 = Release|Any CPU
	EndGlobalSection
	GlobalSection(SolutionProperties) = preSolution
		HideSolutionNode = FALSE
	EndGlobalSection
	GlobalSection(NestedProjects) = preSolution
		{52C4BD34-C5FF-4496-808C-390922361FC3} = {CB23FFE1-20D3-4E71-815C-EF5F2C45D831}
		{7C913E93-875F-4991-B22C-5A0A9511371C} = {CB23FFE1-20D3-4E71-815C-EF5F2C45D831}
		{9F58B6F3-6F74-4407-A62F-01C43E1A4DAC} = {CB23FFE1-20D3-4E71-815C-EF5F2C45D831}
		{B9D1FF47-77D8-4C3A-86C5-BA1719987D13} = {CB23FFE1-20D3-4E71-815C-EF5F2C45D831}
	EndGlobalSection
EndGlobal
